
Microsoft Visual Studio Solution File, Format Version 12.00
# Visual Studio Version 16
VisualStudioVersion = 16.0.31205.134
MinimumVisualStudioVersion = 10.0.40219.1
Project("{9A19103F-16F7-4668-BE54-9A1E7A4F7556}") = "XSerializer", "XSerializer\XSerializer.csproj", "{5AC7BBCB-50EF-4C71-A4F1-626617A2AF50}"
EndProject
Project("{FAE04EC0-301F-11D3-BF4B-00C04F79EFBC}") = "XSerializer.PerformanceTests", "XSerializer.PerformanceTests\XSerializer.PerformanceTests.csproj", "{9A3A60FB-0062-4927-98F5-14A6EF557FBF}"
EndProject
Project("{FAE04EC0-301F-11D3-BF4B-00C04F79EFBC}") = "XSerializer.WebApi", "XSerializer.WebApi\XSerializer.WebApi.csproj", "{F8C33730-6923-4B19-AE53-D34BB125B01D}"
EndProject
Project("{9A19103F-16F7-4668-BE54-9A1E7A4F7556}") = "XSerializer.Tests", "XSerializer.Tests\XSerializer.Tests.csproj", "{9F6EA013-5775-4D7B-8579-729FFBA031B9}"
EndProject
Global
	GlobalSection(SolutionConfigurationPlatforms) = preSolution
		Build|Any CPU = Build|Any CPU
		Debug|Any CPU = Debug|Any CPU
		Release|Any CPU = Release|Any CPU
	EndGlobalSection
	GlobalSection(ProjectConfigurationPlatforms) = postSolution
		{5AC7BBCB-50EF-4C71-A4F1-626617A2AF50}.Build|Any CPU.ActiveCfg = Build|Any CPU
		{5AC7BBCB-50EF-4C71-A4F1-626617A2AF50}.Build|Any CPU.Build.0 = Build|Any CPU
		{5AC7BBCB-50EF-4C71-A4F1-626617A2AF50}.Debug|Any CPU.ActiveCfg = Debug|Any CPU
		{5AC7BBCB-50EF-4C71-A4F1-626617A2AF50}.Debug|Any CPU.Build.0 = Debug|Any CPU
		{5AC7BBCB-50EF-4C71-A4F1-626617A2AF50}.Release|Any CPU.ActiveCfg = Release|Any CPU
		{5AC7BBCB-50EF-4C71-A4F1-626617A2AF50}.Release|Any CPU.Build.0 = Release|Any CPU
		{9A3A60FB-0062-4927-98F5-14A6EF557FBF}.Build|Any CPU.ActiveCfg = Release|Any CPU
		{9A3A60FB-0062-4927-98F5-14A6EF557FBF}.Debug|Any CPU.ActiveCfg = Debug|Any CPU
		{9A3A60FB-0062-4927-98F5-14A6EF557FBF}.Debug|Any CPU.Build.0 = Debug|Any CPU
		{9A3A60FB-0062-4927-98F5-14A6EF557FBF}.Release|Any CPU.ActiveCfg = Release|Any CPU
		{9A3A60FB-0062-4927-98F5-14A6EF557FBF}.Release|Any CPU.Build.0 = Release|Any CPU
		{F8C33730-6923-4B19-AE53-D34BB125B01D}.Build|Any CPU.ActiveCfg = Release|Any CPU
		{F8C33730-6923-4B19-AE53-D34BB125B01D}.Debug|Any CPU.ActiveCfg = Debug|Any CPU
		{F8C33730-6923-4B19-AE53-D34BB125B01D}.Debug|Any CPU.Build.0 = Debug|Any CPU
		{F8C33730-6923-4B19-AE53-D34BB125B01D}.Release|Any CPU.ActiveCfg = Release|Any CPU
		{F8C33730-6923-4B19-AE53-D34BB125B01D}.Release|Any CPU.Build.0 = Release|Any CPU
		{9F6EA013-5775-4D7B-8579-729FFBA031B9}.Build|Any CPU.ActiveCfg = Debug|Any CPU
		{9F6EA013-5775-4D7B-8579-729FFBA031B9}.Build|Any CPU.Build.0 = Debug|Any CPU
		{9F6EA013-5775-4D7B-8579-729FFBA031B9}.Debug|Any CPU.ActiveCfg = Debug|Any CPU
		{9F6EA013-5775-4D7B-8579-729FFBA031B9}.Debug|Any CPU.Build.0 = Debug|Any CPU
		{9F6EA013-5775-4D7B-8579-729FFBA031B9}.Release|Any CPU.ActiveCfg = Release|Any CPU
		{9F6EA013-5775-4D7B-8579-729FFBA031B9}.Release|Any CPU.Build.0 = Release|Any CPU
	EndGlobalSection
	GlobalSection(SolutionProperties) = preSolution
		HideSolutionNode = FALSE
	EndGlobalSection
	GlobalSection(ExtensibilityGlobals) = postSolution
		SolutionGuid = {7F576D52-054A-4858-A41A-281557924677}
	EndGlobalSection
EndGlobal
